Microsoft Visual Studio Solution File, Format Version 12.00
# Visual Studio Version 17
VisualStudioVersion = 17.5.2.0
MinimumVisualStudioVersion = 10.0.40219.1
Project("{2150E333-8FDC-42A3-9474-1A3956D46DE8}") = "csharp-integracion-guia", "csharp-integracion-guia", "{31D475AC-6DDF-A39C-0CA6-D4BF6D486A00}"
EndProject
Project("{2150E333-8FDC-42A3-9474-1A3956D46DE8}") = "src", "src", "{3122B1A8-B068-B0A1-8421-9C1DF0BA6726}"
EndProject
Project("{FAE04EC0-301F-11D3-BF4B-00C04F79EFBC}") = "Tienda.Core", "csharp-integracion-guia\src\Tienda.Core\Tienda.Core.csproj", "{76F88E91-6FC3-DEC8-3C81-D5631D782407}"
EndProject
Global
	GlobalSection(SolutionConfigurationPlatforms) = preSolution
		Debug|Any CPU = Debug|Any CPU
		Release|Any CPU = Release|Any CPU
	EndGlobalSection
	GlobalSection(ProjectConfigurationPlatforms) = postSolution
		{76F88E91-6FC3-DEC8-3C81-D5631D782407}.Debug|Any CPU.ActiveCfg = Debug|Any CPU
		{76F88E91-6FC3-DEC8-3C81-D5631D782407}.Debug|Any CPU.Build.0 = Debug|Any CPU
		{76F88E91-6FC3-DEC8-3C81-D5631D782407}.Release|Any CPU.ActiveCfg = Release|Any CPU
		{76F88E91-6FC3-DEC8-3C81-D5631D782407}.Release|Any CPU.Build.0 = Release|Any CPU
	EndGlobalSection
	GlobalSection(SolutionProperties) = preSolution
		HideSolutionNode = FALSE
	EndGlobalSection
	GlobalSection(NestedProjects) = preSolution
		{3122B1A8-B068-B0A1-8421-9C1DF0BA6726} = {31D475AC-6DDF-A39C-0CA6-D4BF6D486A00}
		{76F88E91-6FC3-DEC8-3C81-D5631D782407} = {3122B1A8-B068-B0A1-8421-9C1DF0BA6726}
	EndGlobalSection
	GlobalSection(ExtensibilityGlobals) = postSolution
		SolutionGuid = {DE37B92F-4360-4F90-A4FE-022DE5B0EBE5}
	EndGlobalSection
EndGlobal
